{
  "nodes": {
    "nix-eda": {
      "inputs": {
        "nixpkgs": "nixpkgs"
      },
      "locked": {
        "lastModified": 1743562091,
        "narHash": "sha256-uoJqa3on+kDu+XxST+TfBFbCkR+md9jXrYg+qHawIxs=",
        "owner": "fossi-foundation",
        "repo": "nix-eda",
        "rev": "1e53da779fa9eed6290cd27b8e7f78196028ddfb",
        "type": "github"
      },
      "original": {
        "owner": "fossi-foundation",
        "repo": "nix-eda",
        "type": "github"
      }
    },
    "nixpkgs": {
      "locked": {
        "lastModified": 1733120037,
        "narHash": "sha256-En+gSoVJ3iQKPDU1FHrR6zIxSLXKjzKY+pnh9tt+Yts=",
        "owner": "nixos",
        "repo": "nixpkgs",
        "rev": "f9f0d5c5380be0a599b1fb54641fa99af8281539",
        "type": "github"
      },
      "original": {
        "owner": "nixos",
        "ref": "nixos-24.11",
        "repo": "nixpkgs",
        "type": "github"
      }
    },
    "root": {
      "inputs": {
        "nix-eda": "nix-eda"
      }
    }
  },
  "root": "root",
  "version": 7
}
